
Microsoft Visual Studio Solution File, Format Version 12.00
# Visual Studio Version 16
VisualStudioVersion = 16.0.30204.135
MinimumVisualStudioVersion = 15.0.26124.0
Project("{9A19103F-16F7-4668-BE54-9A1E7A4F7556}") = "Auth", "Auth\Auth.csproj", "{C962C29E-BFA9-49C5-AADA-BE6B76371FB6}"
EndProject
Project("{9A19103F-16F7-4668-BE54-9A1E7A4F7556}") = "Company", "Company\Company.csproj", "{D80DE54A-D8C9-4EC3-99BF-8540ABEFD164}"
EndProject
Project("{9A19103F-16F7-4668-BE54-9A1E7A4F7556}") = "Employee", "Employee\Employee.csproj", "{CA71DB6F-9361-4EDA-AE6A-0D02ABE5A6A8}"
EndProject
Project("{9A19103F-16F7-4668-BE54-9A1E7A4F7556}") = "Event", "Event\Event.csproj", "{235C3527-C86D-4FFF-AC5F-31A8E709284B}"
EndProject
Project("{9A19103F-16F7-4668-BE54-9A1E7A4F7556}") = "Image", "Image\Image.csproj", "{11DCCF20-75FA-452D-978F-7EBDBF81CFF3}"
EndProject
Project("{9A19103F-16F7-4668-BE54-9A1E7A4F7556}") = "Menu", "Menu\Menu.csproj", "{8CF03804-C7A3-4FEE-86D6-C567D27CE98D}"
EndProject
Project("{9A19103F-16F7-4668-BE54-9A1E7A4F7556}") = "Order", "Order\Order.csproj", "{E26EADA4-27B0-49A8-AF4F-CC9B7830BF67}"
EndProject
Project("{9A19103F-16F7-4668-BE54-9A1E7A4F7556}") = "Product", "Product\Product.csproj", "{D4935FE7-158A-4EE5-97EB-BBDE1269E86A}"
EndProject
Project("{9A19103F-16F7-4668-BE54-9A1E7A4F7556}") = "Shared", "Shared\Shared.csproj", "{5F16B6F2-A143-4662-AC03-61AD57E5DD80}"
EndProject
Project("{9A19103F-16F7-4668-BE54-9A1E7A4F7556}") = "Subscription", "Subscription\Subscription.csproj", "{BEE446C9-F243-4517-86DD-86021C7D39F5}"
EndProject
Project("{9A19103F-16F7-4668-BE54-9A1E7A4F7556}") = "Tag", "Tag\Tag.csproj", "{3376FBFD-63C1-4A80-B28A-362B9DDECED2}"
EndProject
Project("{9A19103F-16F7-4668-BE54-9A1E7A4F7556}") = "User", "User\User.csproj", "{619A7FDF-3ED9-4F5B-9C58-5CBF8BB01F66}"
EndProject
Project("{9A19103F-16F7-4668-BE54-9A1E7A4F7556}") = "Venue", "Venue\Venue.csproj", "{7CAEF272-A057-4785-962D-A2764DE9A30A}"
EndProject
Project("{9A19103F-16F7-4668-BE54-9A1E7A4F7556}") = "Analytics", "Analytics\Analytics.csproj", "{8EC9764D-CA16-4D98-9925-355E576B2586}"
EndProject
Project("{9A19103F-16F7-4668-BE54-9A1E7A4F7556}") = "Monolith", "Monolith\Monolith.csproj", "{07C3B7A9-3BF3-4089-A030-4A573EF0927D}"
EndProject
Project("{9A19103F-16F7-4668-BE54-9A1E7A4F7556}") = "Admin", "Admin\Admin.csproj", "{101B177F-D0A8-4118-B6A8-840D2AF10E30}"
EndProject
Project("{9A19103F-16F7-4668-BE54-9A1E7A4F7556}") = "Flags", "Flags\Flags.csproj", "{1FA68874-52DA-45D4-9C30-EF6F21C965AE}"
EndProject
Project("{9A19103F-16F7-4668-BE54-9A1E7A4F7556}") = "Order.Tests", "Order.Tests\Order.Tests.csproj", "{30F8840F-02D8-4700-8BDC-E8EF432C60CD}"
EndProject
Project("{FAE04EC0-301F-11D3-BF4B-00C04F79EFBC}") = "Scheduler", "Scheduler\Scheduler.csproj", "{AD07434D-9EDE-462E-A6E0-CDE1EC158C42}"
EndProject
Global
	GlobalSection(SolutionConfigurationPlatforms) = preSolution
		Debug|Any CPU = Debug|Any CPU
		Debug|x64 = Debug|x64
		Debug|x86 = Debug|x86
		Release|Any CPU = Release|Any CPU
		Release|x64 = Release|x64
		Release|x86 = Release|x86
	EndGlobalSection
	GlobalSection(ProjectConfigurationPlatforms) = postSolution
		{C962C29E-BFA9-49C5-AADA-BE6B76371FB6}.Debug|Any CPU.ActiveCfg = Debug|Any CPU
		{C962C29E-BFA9-49C5-AADA-BE6B76371FB6}.Debug|Any CPU.Build.0 = Debug|Any CPU
		{C962C29E-BFA9-49C5-AADA-BE6B76371FB6}.Debug|x64.ActiveCfg = Debug|Any CPU
		{C962C29E-BFA9-49C5-AADA-BE6B76371FB6}.Debug|x64.Build.0 = Debug|Any CPU
		{C962C29E-BFA9-49C5-AADA-BE6B76371FB6}.Debug|x86.ActiveCfg = Debug|Any CPU
		{C962C29E-BFA9-49C5-AADA-BE6B76371FB6}.Debug|x86.Build.0 = Debug|Any CPU
		{C962C29E-BFA9-49C5-AADA-BE6B76371FB6}.Release|Any CPU.ActiveCfg = Release|Any CPU
		{C962C29E-BFA9-49C5-AADA-BE6B76371FB6}.Release|Any CPU.Build.0 = Release|Any CPU
		{C962C29E-BFA9-49C5-AADA-BE6B76371FB6}.Release|x64.ActiveCfg = Release|Any CPU
		{C962C29E-BFA9-49C5-AADA-BE6B76371FB6}.Release|x64.Build.0 = Release|Any CPU
		{C962C29E-BFA9-49C5-AADA-BE6B76371FB6}.Release|x86.ActiveCfg = Release|Any CPU
		{C962C29E-BFA9-49C5-AADA-BE6B76371FB6}.Release|x86.Build.0 = Release|Any CPU
		{D80DE54A-D8C9-4EC3-99BF-8540ABEFD164}.Debug|Any CPU.ActiveCfg = Debug|Any CPU
		{D80DE54A-D8C9-4EC3-99BF-8540ABEFD164}.Debug|Any CPU.Build.0 = Debug|Any CPU
		{D80DE54A-D8C9-4EC3-99BF-8540ABEFD164}.Debug|x64.ActiveCfg = Debug|Any CPU
		{D80DE54A-D8C9-4EC3-99BF-8540ABEFD164}.Debug|x64.Build.0 = Debug|Any CPU
		{D80DE54A-D8C9-4EC3-99BF-8540ABEFD164}.Debug|x86.ActiveCfg = Debug|Any CPU
		{D80DE54A-D8C9-4EC3-99BF-8540ABEFD164}.Debug|x86.Build.0 = Debug|Any CPU
		{D80DE54A-D8C9-4EC3-99BF-8540ABEFD164}.Release|Any CPU.ActiveCfg = Release|Any CPU
		{D80DE54A-D8C9-4EC3-99BF-8540ABEFD164}.Release|Any CPU.Build.0 = Release|Any CPU
		{D80DE54A-D8C9-4EC3-99BF-8540ABEFD164}.Release|x64.ActiveCfg = Release|Any CPU
		{D80DE54A-D8C9-4EC3-99BF-8540ABEFD164}.Release|x64.Build.0 = Release|Any CPU
		{D80DE54A-D8C9-4EC3-99BF-8540ABEFD164}.Release|x86.ActiveCfg = Release|Any CPU
		{D80DE54A-D8C9-4EC3-99BF-8540ABEFD164}.Release|x86.Build.0 = Release|Any CPU
		{CA71DB6F-9361-4EDA-AE6A-0D02ABE5A6A8}.Debug|Any CPU.ActiveCfg = Debug|Any CPU
		{CA71DB6F-9361-4EDA-AE6A-0D02ABE5A6A8}.Debug|Any CPU.Build.0 = Debug|Any CPU
		{CA71DB6F-9361-4EDA-AE6A-0D02ABE5A6A8}.Debug|x64.ActiveCfg = Debug|Any CPU
		{CA71DB6F-9361-4EDA-AE6A-0D02ABE5A6A8}.Debug|x64.Build.0 = Debug|Any CPU
		{CA71DB6F-9361-4EDA-AE6A-0D02ABE5A6A8}.Debug|x86.ActiveCfg = Debug|Any CPU
		{CA71DB6F-9361-4EDA-AE6A-0D02ABE5A6A8}.Debug|x86.Build.0 = Debug|Any CPU
		{CA71DB6F-9361-4EDA-AE6A-0D02ABE5A6A8}.Release|Any CPU.ActiveCfg = Release|Any CPU
		{CA71DB6F-9361-4EDA-AE6A-0D02ABE5A6A8}.Release|Any CPU.Build.0 = Release|Any CPU
		{CA71DB6F-9361-4EDA-AE6A-0D02ABE5A6A8}.Release|x64.ActiveCfg = Release|Any CPU
		{CA71DB6F-9361-4EDA-AE6A-0D02ABE5A6A8}.Release|x64.Build.0 = Release|Any CPU
		{CA71DB6F-9361-4EDA-AE6A-0D02ABE5A6A8}.Release|x86.ActiveCfg = Release|Any CPU
		{CA71DB6F-9361-4EDA-AE6A-0D02ABE5A6A8}.Release|x86.Build.0 = Release|Any CPU
		{235C3527-C86D-4FFF-AC5F-31A8E709284B}.Debug|Any CPU.ActiveCfg = Debug|Any CPU
		{235C3527-C86D-4FFF-AC5F-31A8E709284B}.Debug|Any CPU.Build.0 = Debug|Any CPU
		{235C3527-C86D-4FFF-AC5F-31A8E709284B}.Debug|x64.ActiveCfg = Debug|Any CPU
		{235C3527-C86D-4FFF-AC5F-31A8E709284B}.Debug|x64.Build.0 = Debug|Any CPU
		{235C3527-C86D-4FFF-AC5F-31A8E709284B}.Debug|x86.ActiveCfg = Debug|Any CPU
		{235C3527-C86D-4FFF-AC5F-31A8E709284B}.Debug|x86.Build.0 = Debug|Any CPU
		{235C3527-C86D-4FFF-AC5F-31A8E709284B}.Release|Any CPU.ActiveCfg = Release|Any CPU
		{235C3527-C86D-4FFF-AC5F-31A8E709284B}.Release|Any CPU.Build.0 = Release|Any CPU
		{235C3527-C86D-4FFF-AC5F-31A8E709284B}.Release|x64.ActiveCfg = Release|Any CPU
		{235C3527-C86D-4FFF-AC5F-31A8E709284B}.Release|x64.Build.0 = Release|Any CPU
		{235C3527-C86D-4FFF-AC5F-31A8E709284B}.Release|x86.ActiveCfg = Release|Any CPU
		{235C3527-C86D-4FFF-AC5F-31A8E709284B}.Release|x86.Build.0 = Release|Any CPU
		{11DCCF20-75FA-452D-978F-7EBDBF81CFF3}.Debug|Any CPU.ActiveCfg = Debug|Any CPU
		{11DCCF20-75FA-452D-978F-7EBDBF81CFF3}.Debug|Any CPU.Build.0 = Debug|Any CPU
		{11DCCF20-75FA-452D-978F-7EBDBF81CFF3}.Debug|x64.ActiveCfg = Debug|Any CPU
		{11DCCF20-75FA-452D-978F-7EBDBF81CFF3}.Debug|x64.Build.0 = Debug|Any CPU
		{11DCCF20-75FA-452D-978F-7EBDBF81CFF3}.Debug|x86.ActiveCfg = Debug|Any CPU
		{11DCCF20-75FA-452D-978F-7EBDBF81CFF3}.Debug|x86.Build.0 = Debug|Any CPU
		{11DCCF20-75FA-452D-978F-7EBDBF81CFF3}.Release|Any CPU.ActiveCfg = Release|Any CPU
		{11DCCF20-75FA-452D-978F-7EBDBF81CFF3}.Release|Any CPU.Build.0 = Release|Any CPU
		{11DCCF20-75FA-452D-978F-7EBDBF81CFF3}.Release|x64.ActiveCfg = Release|Any CPU
		{11DCCF20-75FA-452D-978F-7EBDBF81CFF3}.Release|x64.Build.0 = Release|Any CPU
		{11DCCF20-75FA-452D-978F-7EBDBF81CFF3}.Release|x86.ActiveCfg = Release|Any CPU
		{11DCCF20-75FA-452D-978F-7EBDBF81CFF3}.Release|x86.Build.0 = Release|Any CPU
		{8CF03804-C7A3-4FEE-86D6-C567D27CE98D}.Debug|Any CPU.ActiveCfg = Debug|Any CPU
		{8CF03804-C7A3-4FEE-86D6-C567D27CE98D}.Debug|Any CPU.Build.0 = Debug|Any CPU
		{8CF03804-C7A3-4FEE-86D6-C567D27CE98D}.Debug|x64.ActiveCfg = Debug|Any CPU
		{8CF03804-C7A3-4FEE-86D6-C567D27CE98D}.Debug|x64.Build.0 = Debug|Any CPU
		{8CF03804-C7A3-4FEE-86D6-C567D27CE98D}.Debug|x86.ActiveCfg = Debug|Any CPU
		{8CF03804-C7A3-4FEE-86D6-C567D27CE98D}.Debug|x86.Build.0 = Debug|Any CPU
		{8CF03804-C7A3-4FEE-86D6-C567D27CE98D}.Release|Any CPU.ActiveCfg = Release|Any CPU
		{8CF03804-C7A3-4FEE-86D6-C567D27CE98D}.Release|Any CPU.Build.0 = Release|Any CPU
		{8CF03804-C7A3-4FEE-86D6-C567D27CE98D}.Release|x64.ActiveCfg = Release|Any CPU
		{8CF03804-C7A3-4FEE-86D6-C567D27CE98D}.Release|x64.Build.0 = Release|Any CPU
		{8CF03804-C7A3-4FEE-86D6-C567D27CE98D}.Release|x86.ActiveCfg = Release|Any CPU
		{8CF03804-C7A3-4FEE-86D6-C567D27CE98D}.Release|x86.Build.0 = Release|Any CPU
		{E26EADA4-27B0-49A8-AF4F-CC9B7830BF67}.Debug|Any CPU.ActiveCfg = Debug|Any CPU
		{E26EADA4-27B0-49A8-AF4F-CC9B7830BF67}.Debug|Any CPU.Build.0 = Debug|Any CPU
		{E26EADA4-27B0-49A8-AF4F-CC9B7830BF67}.Debug|x64.ActiveCfg = Debug|Any CPU
		{E26EADA4-27B0-49A8-AF4F-CC9B7830BF67}.Debug|x64.Build.0 = Debug|Any CPU
		{E26EADA4-27B0-49A8-AF4F-CC9B7830BF67}.Debug|x86.ActiveCfg = Debug|Any CPU
		{E26EADA4-27B0-49A8-AF4F-CC9B7830BF67}.Debug|x86.Build.0 = Debug|Any CPU
		{E26EADA4-27B0-49A8-AF4F-CC9B7830BF67}.Release|Any CPU.ActiveCfg = Release|Any CPU
		{E26EADA4-27B0-49A8-AF4F-CC9B7830BF67}.Release|Any CPU.Build.0 = Release|Any CPU
		{E26EADA4-27B0-49A8-AF4F-CC9B7830BF67}.Release|x64.ActiveCfg = Release|Any CPU
		{E26EADA4-27B0-49A8-AF4F-CC9B7830BF67}.Release|x64.Build.0 = Release|Any CPU
		{E26EADA4-27B0-49A8-AF4F-CC9B7830BF67}.Release|x86.ActiveCfg = Release|Any CPU
		{E26EADA4-27B0-49A8-AF4F-CC9B7830BF67}.Release|x86.Build.0 = Release|Any CPU
		{D4935FE7-158A-4EE5-97EB-BBDE1269E86A}.Debug|Any CPU.ActiveCfg = Debug|Any CPU
		{D4935FE7-158A-4EE5-97EB-BBDE1269E86A}.Debug|Any CPU.Build.0 = Debug|Any CPU
		{D4935FE7-158A-4EE5-97EB-BBDE1269E86A}.Debug|x64.ActiveCfg = Debug|Any CPU
		{D4935FE7-158A-4EE5-97EB-BBDE1269E86A}.Debug|x64.Build.0 = Debug|Any CPU
		{D4935FE7-158A-4EE5-97EB-BBDE1269E86A}.Debug|x86.ActiveCfg = Debug|Any CPU
		{D4935FE7-158A-4EE5-97EB-BBDE1269E86A}.Debug|x86.Build.0 = Debug|Any CPU
		{D4935FE7-158A-4EE5-97EB-BBDE1269E86A}.Release|Any CPU.ActiveCfg = Release|Any CPU
		{D4935FE7-158A-4EE5-97EB-BBDE1269E86A}.Release|Any CPU.Build.0 = Release|Any CPU
		{D4935FE7-158A-4EE5-97EB-BBDE1269E86A}.Release|x64.ActiveCfg = Release|Any CPU
		{D4935FE7-158A-4EE5-97EB-BBDE1269E86A}.Release|x64.Build.0 = Release|Any CPU
		{D4935FE7-158A-4EE5-97EB-BBDE1269E86A}.Release|x86.ActiveCfg = Release|Any CPU
		{D4935FE7-158A-4EE5-97EB-BBDE1269E86A}.Release|x86.Build.0 = Release|Any CPU
		{5F16B6F2-A143-4662-AC03-61AD57E5DD80}.Debug|Any CPU.ActiveCfg = Debug|Any CPU
		{5F16B6F2-A143-4662-AC03-61AD57E5DD80}.Debug|Any CPU.Build.0 = Debug|Any CPU
		{5F16B6F2-A143-4662-AC03-61AD57E5DD80}.Debug|x64.ActiveCfg = Debug|Any CPU
		{5F16B6F2-A143-4662-AC03-61AD57E5DD80}.Debug|x64.Build.0 = Debug|Any CPU
		{5F16B6F2-A143-4662-AC03-61AD57E5DD80}.Debug|x86.ActiveCfg = Debug|Any CPU
		{5F16B6F2-A143-4662-AC03-61AD57E5DD80}.Debug|x86.Build.0 = Debug|Any CPU
		{5F16B6F2-A143-4662-AC03-61AD57E5DD80}.Release|Any CPU.ActiveCfg = Release|Any CPU
		{5F16B6F2-A143-4662-AC03-61AD57E5DD80}.Release|Any CPU.Build.0 = Release|Any CPU
		{5F16B6F2-A143-4662-AC03-61AD57E5DD80}.Release|x64.ActiveCfg = Release|Any CPU
		{5F16B6F2-A143-4662-AC03-61AD57E5DD80}.Release|x64.Build.0 = Release|Any CPU
		{5F16B6F2-A143-4662-AC03-61AD57E5DD80}.Release|x86.ActiveCfg = Release|Any CPU
		{5F16B6F2-A143-4662-AC03-61AD57E5DD80}.Release|x86.Build.0 = Release|Any CPU
		{BEE446C9-F243-4517-86DD-86021C7D39F5}.Debug|Any CPU.ActiveCfg = Debug|Any CPU
		{BEE446C9-F243-4517-86DD-86021C7D39F5}.Debug|Any CPU.Build.0 = Debug|Any CPU
		{BEE446C9-F243-4517-86DD-86021C7D39F5}.Debug|x64.ActiveCfg = Debug|Any CPU
		{BEE446C9-F243-4517-86DD-86021C7D39F5}.Debug|x64.Build.0 = Debug|Any CPU
		{BEE446C9-F243-4517-86DD-86021C7D39F5}.Debug|x86.ActiveCfg = Debug|Any CPU
		{BEE446C9-F243-4517-86DD-86021C7D39F5}.Debug|x86.Build.0 = Debug|Any CPU
		{BEE446C9-F243-4517-86DD-86021C7D39F5}.Release|Any CPU.ActiveCfg = Release|Any CPU
		{BEE446C9-F243-4517-86DD-86021C7D39F5}.Release|Any CPU.Build.0 = Release|Any CPU
		{BEE446C9-F243-4517-86DD-86021C7D39F5}.Release|x64.ActiveCfg = Release|Any CPU
		{BEE446C9-F243-4517-86DD-86021C7D39F5}.Release|x64.Build.0 = Release|Any CPU
		{BEE446C9-F243-4517-86DD-86021C7D39F5}.Release|x86.ActiveCfg = Release|Any CPU
		{BEE446C9-F243-4517-86DD-86021C7D39F5}.Release|x86.Build.0 = Release|Any CPU
		{3376FBFD-63C1-4A80-B28A-362B9DDECED2}.Debug|Any CPU.ActiveCfg = Debug|Any CPU
		{3376FBFD-63C1-4A80-B28A-362B9DDECED2}.Debug|Any CPU.Build.0 = Debug|Any CPU
		{3376FBFD-63C1-4A80-B28A-362B9DDECED2}.Debug|x64.ActiveCfg = Debug|Any CPU
		{3376FBFD-63C1-4A80-B28A-362B9DDECED2}.Debug|x64.Build.0 = Debug|Any CPU
		{3376FBFD-63C1-4A80-B28A-362B9DDECED2}.Debug|x86.ActiveCfg = Debug|Any CPU
		{3376FBFD-63C1-4A80-B28A-362B9DDECED2}.Debug|x86.Build.0 = Debug|Any CPU
		{3376FBFD-63C1-4A80-B28A-362B9DDECED2}.Release|Any CPU.ActiveCfg = Release|Any CPU
		{3376FBFD-63C1-4A80-B28A-362B9DDECED2}.Release|Any CPU.Build.0 = Release|Any CPU
		{3376FBFD-63C1-4A80-B28A-362B9DDECED2}.Release|x64.ActiveCfg = Release|Any CPU
		{3376FBFD-63C1-4A80-B28A-362B9DDECED2}.Release|x64.Build.0 = Release|Any CPU
		{3376FBFD-63C1-4A80-B28A-362B9DDECED2}.Release|x86.ActiveCfg = Release|Any CPU
		{3376FBFD-63C1-4A80-B28A-362B9DDECED2}.Release|x86.Build.0 = Release|Any CPU
		{619A7FDF-3ED9-4F5B-9C58-5CBF8BB01F66}.Debug|Any CPU.ActiveCfg = Debug|Any CPU
		{619A7FDF-3ED9-4F5B-9C58-5CBF8BB01F66}.Debug|Any CPU.Build.0 = Debug|Any CPU
		{619A7FDF-3ED9-4F5B-9C58-5CBF8BB01F66}.Debug|x64.ActiveCfg = Debug|Any CPU
		{619A7FDF-3ED9-4F5B-9C58-5CBF8BB01F66}.Debug|x64.Build.0 = Debug|Any CPU
		{619A7FDF-3ED9-4F5B-9C58-5CBF8BB01F66}.Debug|x86.ActiveCfg = Debug|Any CPU
		{619A7FDF-3ED9-4F5B-9C58-5CBF8BB01F66}.Debug|x86.Build.0 = Debug|Any CPU
		{619A7FDF-3ED9-4F5B-9C58-5CBF8BB01F66}.Release|Any CPU.ActiveCfg = Release|Any CPU
		{619A7FDF-3ED9-4F5B-9C58-5CBF8BB01F66}.Release|Any CPU.Build.0 = Release|Any CPU
		{619A7FDF-3ED9-4F5B-9C58-5CBF8BB01F66}.Release|x64.ActiveCfg = Release|Any CPU
		{619A7FDF-3ED9-4F5B-9C58-5CBF8BB01F66}.Release|x64.Build.0 = Release|Any CPU
		{619A7FDF-3ED9-4F5B-9C58-5CBF8BB01F66}.Release|x86.ActiveCfg = Release|Any CPU
		{619A7FDF-3ED9-4F5B-9C58-5CBF8BB01F66}.Release|x86.Build.0 = Release|Any CPU
		{7CAEF272-A057-4785-962D-A2764DE9A30A}.Debug|Any CPU.ActiveCfg = Debug|Any CPU
		{7CAEF272-A057-4785-962D-A2764DE9A30A}.Debug|Any CPU.Build.0 = Debug|Any CPU
		{7CAEF272-A057-4785-962D-A2764DE9A30A}.Debug|x64.ActiveCfg = Debug|Any CPU
		{7CAEF272-A057-4785-962D-A2764DE9A30A}.Debug|x64.Build.0 = Debug|Any CPU
		{7CAEF272-A057-4785-962D-A2764DE9A30A}.Debug|x86.ActiveCfg = Debug|Any CPU
		{7CAEF272-A057-4785-962D-A2764DE9A30A}.Debug|x86.Build.0 = Debug|Any CPU
		{7CAEF272-A057-4785-962D-A2764DE9A30A}.Release|Any CPU.ActiveCfg = Release|Any CPU
		{7CAEF272-A057-4785-962D-A2764DE9A30A}.Release|Any CPU.Build.0 = Release|Any CPU
		{7CAEF272-A057-4785-962D-A2764DE9A30A}.Release|x64.ActiveCfg = Release|Any CPU
		{7CAEF272-A057-4785-962D-A2764DE9A30A}.Release|x64.Build.0 = Release|Any CPU
		{7CAEF272-A057-4785-962D-A2764DE9A30A}.Release|x86.ActiveCfg = Release|Any CPU
		{7CAEF272-A057-4785-962D-A2764DE9A30A}.Release|x86.Build.0 = Release|Any CPU
		{8EC9764D-CA16-4D98-9925-355E576B2586}.Debug|Any CPU.ActiveCfg = Debug|Any CPU
		{8EC9764D-CA16-4D98-9925-355E576B2586}.Debug|Any CPU.Build.0 = Debug|Any CPU
		{8EC9764D-CA16-4D98-9925-355E576B2586}.Debug|x64.ActiveCfg = Debug|Any CPU
		{8EC9764D-CA16-4D98-9925-355E576B2586}.Debug|x64.Build.0 = Debug|Any CPU
		{8EC9764D-CA16-4D98-9925-355E576B2586}.Debug|x86.ActiveCfg = Debug|Any CPU
		{8EC9764D-CA16-4D98-9925-355E576B2586}.Debug|x86.Build.0 = Debug|Any CPU
		{8EC9764D-CA16-4D98-9925-355E576B2586}.Release|Any CPU.ActiveCfg = Release|Any CPU
		{8EC9764D-CA16-4D98-9925-355E576B2586}.Release|Any CPU.Build.0 = Release|Any CPU
		{8EC9764D-CA16-4D98-9925-355E576B2586}.Release|x64.ActiveCfg = Release|Any CPU
		{8EC9764D-CA16-4D98-9925-355E576B2586}.Release|x64.Build.0 = Release|Any CPU
		{8EC9764D-CA16-4D98-9925-355E576B2586}.Release|x86.ActiveCfg = Release|Any CPU
		{8EC9764D-CA16-4D98-9925-355E576B2586}.Release|x86.Build.0 = Release|Any CPU
		{07C3B7A9-3BF3-4089-A030-4A573EF0927D}.Debug|Any CPU.ActiveCfg = Debug|Any CPU
		{07C3B7A9-3BF3-4089-A030-4A573EF0927D}.Debug|Any CPU.Build.0 = Debug|Any CPU
		{07C3B7A9-3BF3-4089-A030-4A573EF0927D}.Debug|x64.ActiveCfg = Debug|Any CPU
		{07C3B7A9-3BF3-4089-A030-4A573EF0927D}.Debug|x64.Build.0 = Debug|Any CPU
		{07C3B7A9-3BF3-4089-A030-4A573EF0927D}.Debug|x86.ActiveCfg = Debug|Any CPU
		{07C3B7A9-3BF3-4089-A030-4A573EF0927D}.Debug|x86.Build.0 = Debug|Any CPU
		{07C3B7A9-3BF3-4089-A030-4A573EF0927D}.Release|Any CPU.ActiveCfg = Release|Any CPU
		{07C3B7A9-3BF3-4089-A030-4A573EF0927D}.Release|Any CPU.Build.0 = Release|Any CPU
		{07C3B7A9-3BF3-4089-A030-4A573EF0927D}.Release|x64.ActiveCfg = Release|Any CPU
		{07C3B7A9-3BF3-4089-A030-4A573EF0927D}.Release|x64.Build.0 = Release|Any CPU
		{07C3B7A9-3BF3-4089-A030-4A573EF0927D}.Release|x86.ActiveCfg = Release|Any CPU
		{07C3B7A9-3BF3-4089-A030-4A573EF0927D}.Release|x86.Build.0 = Release|Any CPU
		{101B177F-D0A8-4118-B6A8-840D2AF10E30}.Debug|Any CPU.ActiveCfg = Debug|Any CPU
		{101B177F-D0A8-4118-B6A8-840D2AF10E30}.Debug|Any CPU.Build.0 = Debug|Any CPU
		{101B177F-D0A8-4118-B6A8-840D2AF10E30}.Debug|x64.ActiveCfg = Debug|Any CPU
		{101B177F-D0A8-4118-B6A8-840D2AF10E30}.Debug|x64.Build.0 = Debug|Any CPU
		{101B177F-D0A8-4118-B6A8-840D2AF10E30}.Debug|x86.ActiveCfg = Debug|Any CPU
		{101B177F-D0A8-4118-B6A8-840D2AF10E30}.Debug|x86.Build.0 = Debug|Any CPU
		{101B177F-D0A8-4118-B6A8-840D2AF10E30}.Release|Any CPU.ActiveCfg = Release|Any CPU
		{101B177F-D0A8-4118-B6A8-840D2AF10E30}.Release|Any CPU.Build.0 = Release|Any CPU
		{101B177F-D0A8-4118-B6A8-840D2AF10E30}.Release|x64.ActiveCfg = Release|Any CPU
		{101B177F-D0A8-4118-B6A8-840D2AF10E30}.Release|x64.Build.0 = Release|Any CPU
		{101B177F-D0A8-4118-B6A8-840D2AF10E30}.Release|x86.ActiveCfg = Release|Any CPU
		{101B177F-D0A8-4118-B6A8-840D2AF10E30}.Release|x86.Build.0 = Release|Any CPU
		{1FA68874-52DA-45D4-9C30-EF6F21C965AE}.Debug|Any CPU.ActiveCfg = Debug|Any CPU
		{1FA68874-52DA-45D4-9C30-EF6F21C965AE}.Debug|Any CPU.Build.0 = Debug|Any CPU
		{1FA68874-52DA-45D4-9C30-EF6F21C965AE}.Debug|x64.ActiveCfg = Debug|Any CPU
		{1FA68874-52DA-45D4-9C30-EF6F21C965AE}.Debug|x64.Build.0 = Debug|Any CPU
		{1FA68874-52DA-45D4-9C30-EF6F21C965AE}.Debug|x86.ActiveCfg = Debug|Any CPU
		{1FA68874-52DA-45D4-9C30-EF6F21C965AE}.Debug|x86.Build.0 = Debug|Any CPU
		{1FA68874-52DA-45D4-9C30-EF6F21C965AE}.Release|Any CPU.ActiveCfg = Release|Any CPU
		{1FA68874-52DA-45D4-9C30-EF6F21C965AE}.Release|Any CPU.Build.0 = Release|Any CPU
		{1FA68874-52DA-45D4-9C30-EF6F21C965AE}.Release|x64.ActiveCfg = Release|Any CPU
		{1FA68874-52DA-45D4-9C30-EF6F21C965AE}.Release|x64.Build.0 = Release|Any CPU
		{1FA68874-52DA-45D4-9C30-EF6F21C965AE}.Release|x86.ActiveCfg = Release|Any CPU
		{1FA68874-52DA-45D4-9C30-EF6F21C965AE}.Release|x86.Build.0 = Release|Any CPU
		{30F8840F-02D8-4700-8BDC-E8EF432C60CD}.Debug|Any CPU.ActiveCfg = Debug|Any CPU
		{30F8840F-02D8-4700-8BDC-E8EF432C60CD}.Debug|Any CPU.Build.0 = Debug|Any CPU
		{30F8840F-02D8-4700-8BDC-E8EF432C60CD}.Debug|x64.ActiveCfg = Debug|Any CPU
		{30F8840F-02D8-4700-8BDC-E8EF432C60CD}.Debug|x64.Build.0 = Debug|Any CPU
		{30F8840F-02D8-4700-8BDC-E8EF432C60CD}.Debug|x86.ActiveCfg = Debug|Any CPU
		{30F8840F-02D8-4700-8BDC-E8EF432C60CD}.Debug|x86.Build.0 = Debug|Any CPU
		{30F8840F-02D8-4700-8BDC-E8EF432C60CD}.Release|Any CPU.ActiveCfg = Release|Any CPU
		{30F8840F-02D8-4700-8BDC-E8EF432C60CD}.Release|Any CPU.Build.0 = Release|Any CPU
		{30F8840F-02D8-4700-8BDC-E8EF432C60CD}.Release|x64.ActiveCfg = Release|Any CPU
		{30F8840F-02D8-4700-8BDC-E8EF432C60CD}.Release|x64.Build.0 = Release|Any CPU
		{30F8840F-02D8-4700-8BDC-E8EF432C60CD}.Release|x86.ActiveCfg = Release|Any CPU
		{30F8840F-02D8-4700-8BDC-E8EF432C60CD}.Release|x86.Build.0 = Release|Any CPU
		{AD07434D-9EDE-462E-A6E0-CDE1EC158C42}.Debug|Any CPU.ActiveCfg = Debug|Any CPU
		{AD07434D-9EDE-462E-A6E0-CDE1EC158C42}.Debug|Any CPU.Build.0 = Debug|Any CPU
		{AD07434D-9EDE-462E-A6E0-CDE1EC158C42}.Debug|x64.ActiveCfg = Debug|Any CPU
		{AD07434D-9EDE-462E-A6E0-CDE1EC158C42}.Debug|x64.Build.0 = Debug|Any CPU
		{AD07434D-9EDE-462E-A6E0-CDE1EC158C42}.Debug|x86.ActiveCfg = Debug|Any CPU
		{AD07434D-9EDE-462E-A6E0-CDE1EC158C42}.Debug|x86.Build.0 = Debug|Any CPU
		{AD07434D-9EDE-462E-A6E0-CDE1EC158C42}.Release|Any CPU.ActiveCfg = Release|Any CPU
		{AD07434D-9EDE-462E-A6E0-CDE1EC158C42}.Release|Any CPU.Build.0 = Release|Any CPU
		{AD07434D-9EDE-462E-A6E0-CDE1EC158C42}.Release|x64.ActiveCfg = Release|Any CPU
		{AD07434D-9EDE-462E-A6E0-CDE1EC158C42}.Release|x64.Build.0 = Release|Any CPU
		{AD07434D-9EDE-462E-A6E0-CDE1EC158C42}.Release|x86.ActiveCfg = Release|Any CPU
		{AD07434D-9EDE-462E-A6E0-CDE1EC158C42}.Release|x86.Build.0 = Release|Any CPU
	EndGlobalSection
	GlobalSection(SolutionProperties) = preSolution
		HideSolutionNode = FALSE
	EndGlobalSection
	GlobalSection(ExtensibilityGlobals) = postSolution
		SolutionGuid = {E9E01190-45D2-457B-8686-D2D0FA632572}
	EndGlobalSection
EndGlobal
